
Microsoft Visual Studio Solution File, Format Version 12.00
# Visual Studio Version 17
VisualStudioVersion = 17.4.33213.308
MinimumVisualStudioVersion = 10.0.40219.1
Project("{FAE04EC0-301F-11D3-BF4B-00C04F79EFBC}") = "EjemploNet", "EjemploNet.csproj", "{92EC088D-8804-4C0B-99A4-C9DE90355164}"
EndProject
Global
	GlobalSection(SolutionConfigurationPlatforms) = preSolution
		Debug|Any CPU = Debug|Any CPU
		Release|Any CPU = Release|Any CPU
	EndGlobalSection
	GlobalSection(ProjectConfigurationPlatforms) = postSolution
		{92EC088D-8804-4C0B-99A4-C9DE90355164}.Debug|Any CPU.ActiveCfg = Debug|Any CPU
		{92EC088D-8804-4C0B-99A4-C9DE90355164}.Debug|Any CPU.Build.0 = Debug|Any CPU
		{92EC088D-8804-4C0B-99A4-C9DE90355164}.Release|Any CPU.ActiveCfg = Release|Any CPU
		{92EC088D-8804-4C0B-99A4-C9DE90355164}.Release|Any CPU.Build.0 = Release|Any CPU
	EndGlobalSection
	GlobalSection(SolutionProperties) = preSolution
		HideSolutionNode = FALSE
	EndGlobalSection
	GlobalSection(ExtensibilityGlobals) = postSolution
		SolutionGuid = {3348DFF7-A03A-4790-88F7-8E73DEEB5B79}
	EndGlobalSection
EndGlobal
